// !$*UTF8*$!
{
	archiveVersion = 1;
	classes = {
	};
	objectVersion = 46;
	objects = {

/* Begin PBXBuildFile section */
		55081C6A17E87F3D00EF36B5 /* RecipieCategory.m in Sources */ = {isa = PBXBuildFile; fileRef = 55081C6917E87F3D00EF36B5 /* RecipieCategory.m */; };
		55081C6D17E87F3E00EF36B5 /* User.m in Sources */ = {isa = PBXBuildFile; fileRef = 55081C6C17E87F3E00EF36B5 /* User.m */; };
		55081C7017E87F3E00EF36B5 /* Recipie.m in Sources */ = {isa = PBXBuildFile; fileRef = 55081C6F17E87F3E00EF36B5 /* Recipie.m */; };
		55081C7717E8A44500EF36B5 /* Icon.png in Resources */ = {isa = PBXBuildFile; fileRef = 55081C7517E8A44500EF36B5 /* Icon.png */; };
		55081C7817E8A44500EF36B5 /* Icon@2x.png in Resources */ = {isa = PBXBuildFile; fileRef = 55081C7617E8A44500EF36B5 /* Icon@2x.png */; };
		550F1FFD17E6FA0900047C1A /* add.png in Resources */ = {isa = PBXBuildFile; fileRef = 550F1FFC17E6FA0900047C1A /* add.png */; };
		550F201517E715A000047C1A /* DetailRecipieViewController.m in Sources */ = {isa = PBXBuildFile; fileRef = 550F201417E715A000047C1A /* DetailRecipieViewController.m */; };
		5592A19017E367D600288BB9 /* CategoryCell.m in Sources */ = {isa = PBXBuildFile; fileRef = 5592A18F17E367D600288BB9 /* CategoryCell.m */; };
		5592A19217E36C0600288BB9 /* recipie.png in Resources */ = {isa = PBXBuildFile; fileRef = 5592A19117E36C0600288BB9 /* recipie.png */; };
		5592A19517E36E0900288BB9 /* RecipieViewController.m in Sources */ = {isa = PBXBuildFile; fileRef = 5592A19417E36E0900288BB9 /* RecipieViewController.m */; };
		5592A19917E36F8C00288BB9 /* RecipieCell.m in Sources */ = {isa = PBXBuildFile; fileRef = 5592A19817E36F8C00288BB9 /* RecipieCell.m */; };
		5592A19C17E371B300288BB9 /* AddRecipieViewController.m in Sources */ = {isa = PBXBuildFile; fileRef = 5592A19B17E371B300288BB9 /* AddRecipieViewController.m */; };
		55D3373C17E32B8100B9A64E /* Foundation.framework in Frameworks */ = {isa = PBXBuildFile; fileRef = 55D3373B17E32B8100B9A64E /* Foundation.framework */; };
		55D3373E17E32B8100B9A64E /* CoreGraphics.framework in Frameworks */ = {isa = PBXBuildFile; fileRef = 55D3373D17E32B8100B9A64E /* CoreGraphics.framework */; };
		55D3374017E32B8100B9A64E /* UIKit.framework in Frameworks */ = {isa = PBXBuildFile; fileRef = 55D3373F17E32B8100B9A64E /* UIKit.framework */; };
		55D3374217E32B8100B9A64E /* CoreData.framework in Frameworks */ = {isa = PBXBuildFile; fileRef = 55D3374117E32B8100B9A64E /* CoreData.framework */; };
		55D3374817E32B8100B9A64E /* InfoPlist.strings in Resources */ = {isa = PBXBuildFile; fileRef = 55D3374617E32B8100B9A64E /* InfoPlist.strings */; };
		55D3374A17E32B8100B9A64E /* main.m in Sources */ = {isa = PBXBuildFile; fileRef = 55D3374917E32B8100B9A64E /* main.m */; };
		55D3374E17E32B8100B9A64E /* AppDelegate.m in Sources */ = {isa = PBXBuildFile; fileRef = 55D3374D17E32B8100B9A64E /* AppDelegate.m */; };
		55D3375117E32B8100B9A64E /* Main.storyboard in Resources */ = {isa = PBXBuildFile; fileRef = 55D3374F17E32B8100B9A64E /* Main.storyboard */; };
		55D3375417E32B8100B9A64E /* iGoodFood.xcdatamodeld in Sources */ = {isa = PBXBuildFile; fileRef = 55D3375217E32B8100B9A64E /* iGoodFood.xcdatamodeld */; };
		55D3375C17E32B8100B9A64E /* Images.xcassets in Resources */ = {isa = PBXBuildFile; fileRef = 55D3375B17E32B8100B9A64E /* Images.xcassets */; };
		55D3376317E32B8100B9A64E /* XCTest.framework in Frameworks */ = {isa = PBXBuildFile; fileRef = 55D3376217E32B8100B9A64E /* XCTest.framework */; };
		55D3376417E32B8100B9A64E /* Foundation.framework in Frameworks */ = {isa = PBXBuildFile; fileRef = 55D3373B17E32B8100B9A64E /* Foundation.framework */; };
		55D3376517E32B8100B9A64E /* UIKit.framework in Frameworks */ = {isa = PBXBuildFile; fileRef = 55D3373F17E32B8100B9A64E /* UIKit.framework */; };
		55D3376617E32B8100B9A64E /* CoreData.framework in Frameworks */ = {isa = PBXBuildFile; fileRef = 55D3374117E32B8100B9A64E /* CoreData.framework */; };
		55D3376E17E32B8100B9A64E /* InfoPlist.strings in Resources */ = {isa = PBXBuildFile; fileRef = 55D3376C17E32B8100B9A64E /* InfoPlist.strings */; };
		55D3377017E32B8100B9A64E /* iGoodFoodTests.m in Sources */ = {isa = PBXBuildFile; fileRef = 55D3376F17E32B8100B9A64E /* iGoodFoodTests.m */; };
		55D3377B17E32C0700B9A64E /* LoginViewController.m in Sources */ = {isa = PBXBuildFile; fileRef = 55D3377A17E32C0700B9A64E /* LoginViewController.m */; };
		55D3378417E333AF00B9A64E /* SignUpViewController.m in Sources */ = {isa = PBXBuildFile; fileRef = 55D3378317E333AF00B9A64E /* SignUpViewController.m */; };
		55D3379217E34A5E00B9A64E /* CategoryViewController.m in Sources */ = {isa = PBXBuildFile; fileRef = 55D3379117E34A5E00B9A64E /* CategoryViewController.m */; };
		55D337AA17E34E5900B9A64E /* DataModel.m in Sources */ = {isa = PBXBuildFile; fileRef = 55D337A917E34E5900B9A64E /* DataModel.m */; };
		55D337BD17E35D6D00B9A64E /* NSString+Encrypt.m in Sources */ = {isa = PBXBuildFile; fileRef = 55D337BC17E35D6D00B9A64E /* NSString+Encrypt.m */; };
/* End PBXBuildFile section */

/* Begin PBXContainerItemProxy section */
		55D3376717E32B8100B9A64E /* PBXContainerItemProxy */ = {
			isa = PBXContainerItemProxy;
			containerPortal = 55D3373017E32B8100B9A64E /* Project object */;
			proxyType = 1;
			remoteGlobalIDString = 55D3373717E32B8100B9A64E;
			remoteInfo = iGoodFood;
		};
/* End PBXContainerItemProxy section */

/* Begin PBXFileReference section */
		55081C6817E87F3D00EF36B5 /* RecipieCategory.h */ = {isa = PBXFileReference; fileEncoding = 4; lastKnownFileType = sourcecode.c.h; path = RecipieCategory.h; sourceTree = "<group>"; };
		55081C6917E87F3D00EF36B5 /* RecipieCategory.m */ = {isa = PBXFileReference; fileEncoding = 4; lastKnownFileType = sourcecode.c.objc; path = RecipieCategory.m; sourceTree = "<group>"; };
		55081C6B17E87F3E00EF36B5 /* User.h */ = {isa = PBXFileReference; fileEncoding = 4; lastKnownFileType = sourcecode.c.h; path = User.h; sourceTree = "<group>"; };
		55081C6C17E87F3E00EF36B5 /* User.m */ = {isa = PBXFileReference; fileEncoding = 4; lastKnownFileType = sourcecode.c.objc; path = User.m; sourceTree = "<group>"; };
		55081C6E17E87F3E00EF36B5 /* Recipie.h */ = {isa = PBXFileReference; fileEncoding = 4; lastKnownFileType = sourcecode.c.h; path = Recipie.h; sourceTree = "<group>"; };
		55081C6F17E87F3E00EF36B5 /* Recipie.m */ = {isa = PBXFileReference; fileEncoding = 4; lastKnownFileType = sourcecode.c.objc; path = Recipie.m; sourceTree = "<group>"; };
		55081C7517E8A44500EF36B5 /* Icon.png */ = {isa = PBXFileReference; lastKnownFileType = image.png; path = Icon.png; sourceTree = "<group>"; };
		55081C7617E8A44500EF36B5 /* Icon@2x.png */ = {isa = PBXFileReference; lastKnownFileType = image.png; path = "Icon@2x.png"; sourceTree = "<group>"; };
		550F1FFC17E6FA0900047C1A /* add.png */ = {isa = PBXFileReference; lastKnownFileType = image.png; path = add.png; sourceTree = "<group>"; };
		550F201317E715A000047C1A /* DetailRecipieViewController.h */ = {isa = PBXFileReference; fileEncoding = 4; lastKnownFileType = sourcecode.c.h; path = DetailRecipieViewController.h; sourceTree = "<group>"; };
		550F201417E715A000047C1A /* DetailRecipieViewController.m */ = {isa = PBXFileReference; fileEncoding = 4; lastKnownFileType = sourcecode.c.objc; path = DetailRecipieViewController.m; sourceTree = "<group>"; };
		5592A18E17E367D600288BB9 /* CategoryCell.h */ = {isa = PBXFileReference; fileEncoding = 4; lastKnownFileType = sourcecode.c.h; path = CategoryCell.h; sourceTree = "<group>"; };
		5592A18F17E367D600288BB9 /* CategoryCell.m */ = {isa = PBXFileReference; fileEncoding = 4; lastKnownFileType = sourcecode.c.objc; path = CategoryCell.m; sourceTree = "<group>"; };
		5592A19117E36C0600288BB9 /* recipie.png */ = {isa = PBXFileReference; lastKnownFileType = image.png; path = recipie.png; sourceTree = "<group>"; };
		5592A19317E36E0900288BB9 /* RecipieViewController.h */ = {isa = PBXFileReference; fileEncoding = 4; lastKnownFileType = sourcecode.c.h; path = RecipieViewController.h; sourceTree = "<group>"; };
		5592A19417E36E0900288BB9 /* RecipieViewController.m */ = {isa = PBXFileReference; fileEncoding = 4; lastKnownFileType = sourcecode.c.objc; path = RecipieViewController.m; sourceTree = "<group>"; };
		5592A19717E36F8C00288BB9 /* RecipieCell.h */ = {isa = PBXFileReference; fileEncoding = 4; lastKnownFileType = sourcecode.c.h; path = RecipieCell.h; sourceTree = "<group>"; };
		5592A19817E36F8C00288BB9 /* RecipieCell.m */ = {isa = PBXFileReference; fileEncoding = 4; lastKnownFileType = sourcecode.c.objc; path = RecipieCell.m; sourceTree = "<group>"; };
		5592A19A17E371B300288BB9 /* AddRecipieViewController.h */ = {isa = PBXFileReference; fileEncoding = 4; lastKnownFileType = sourcecode.c.h; path = AddRecipieViewController.h; sourceTree = "<group>"; };
		5592A19B17E371B300288BB9 /* AddRecipieViewController.m */ = {isa = PBXFileReference; fileEncoding = 4; lastKnownFileType = sourcecode.c.objc; path = AddRecipieViewController.m; sourceTree = "<group>"; };
		55D3373817E32B8100B9A64E /* iGoodFood.app */ = {isa = PBXFileReference; explicitFileType = wrapper.application; includeInIndex = 0; path = iGoodFood.app; sourceTree = BUILT_PRODUCTS_DIR; };
		55D3373B17E32B8100B9A64E /* Foundation.framework */ = {isa = PBXFileReference; lastKnownFileType = wrapper.framework; name = Foundation.framework; path = System/Library/Frameworks/Foundation.framework; sourceTree = SDKROOT; };
		55D3373D17E32B8100B9A64E /* CoreGraphics.framework */ = {isa = PBXFileReference; lastKnownFileType = wrapper.framework; name = CoreGraphics.framework; path = System/Library/Frameworks/CoreGraphics.framework; sourceTree = SDKROOT; };
		55D3373F17E32B8100B9A64E /* UIKit.framework */ = {isa = PBXFileReference; lastKnownFileType = wrapper.framework; name = UIKit.framework; path = System/Library/Frameworks/UIKit.framework; sourceTree = SDKROOT; };
		55D3374117E32B8100B9A64E /* CoreData.framework */ = {isa = PBXFileReference; lastKnownFileType = wrapper.framework; name = CoreData.framework; path = System/Library/Frameworks/CoreData.framework; sourceTree = SDKROOT; };
		55D3374517E32B8100B9A64E /* iGoodFood-Info.plist */ = {isa = PBXFileReference; lastKnownFileType = text.plist.xml; path = "iGoodFood-Info.plist"; sourceTree = "<group>"; };
		55D3374717E32B8100B9A64E /* en */ = {isa = PBXFileReference; lastKnownFileType = text.plist.strings; name = en; path = en.lproj/InfoPlist.strings; sourceTree = "<group>"; };
		55D3374917E32B8100B9A64E /* main.m */ = {isa = PBXFileReference; lastKnownFileType = sourcecode.c.objc; path = main.m; sourceTree = "<group>"; };
		55D3374B17E32B8100B9A64E /* iGoodFood-Prefix.pch */ = {isa = PBXFileReference; lastKnownFileType = sourcecode.c.h; path = "iGoodFood-Prefix.pch"; sourceTree = "<group>"; };
		55D3374C17E32B8100B9A64E /* AppDelegate.h */ = {isa = PBXFileReference; lastKnownFileType = sourcecode.c.h; path = AppDelegate.h; sourceTree = "<group>"; };
		55D3374D17E32B8100B9A64E /* AppDelegate.m */ = {isa = PBXFileReference; lastKnownFileType = sourcecode.c.objc; path = AppDelegate.m; sourceTree = "<group>"; };
		55D3375017E32B8100B9A64E /* Base */ = {isa = PBXFileReference; lastKnownFileType = file.storyboard; name = Base; path = Base.lproj/Main.storyboard; sourceTree = "<group>"; };
		55D3375317E32B8100B9A64E /* iGoodFood.xcdatamodel */ = {isa = PBXFileReference; lastKnownFileType = wrapper.xcdatamodel; path = iGoodFood.xcdatamodel; sourceTree = "<group>"; };
		55D3375B17E32B8100B9A64E /* Images.xcassets */ = {isa = PBXFileReference; lastKnownFileType = folder.assetcatalog; path = Images.xcassets; sourceTree = "<group>"; };
		55D3376117E32B8100B9A64E /* iGoodFoodTests.xctest */ = {isa = PBXFileReference; explicitFileType = wrapper.cfbundle; includeInIndex = 0; path = iGoodFoodTests.xctest; sourceTree = BUILT_PRODUCTS_DIR; };
		55D3376217E32B8100B9A64E /* XCTest.framework */ = {isa = PBXFileReference; lastKnownFileType = wrapper.framework; name = XCTest.framework; path = Library/Frameworks/XCTest.framework; sourceTree = DEVELOPER_DIR; };
		55D3376B17E32B8100B9A64E /* iGoodFoodTests-Info.plist */ = {isa = PBXFileReference; lastKnownFileType = text.plist.xml; path = "iGoodFoodTests-Info.plist"; sourceTree = "<group>"; };
		55D3376D17E32B8100B9A64E /* en */ = {isa = PBXFileReference; lastKnownFileType = text.plist.strings; name = en; path = en.lproj/InfoPlist.strings; sourceTree = "<group>"; };
		55D3376F17E32B8100B9A64E /* iGoodFoodTests.m */ = {isa = PBXFileReference; lastKnownFileType = sourcecode.c.objc; path = iGoodFoodTests.m; sourceTree = "<group>"; };
		55D3377917E32C0700B9A64E /* LoginViewController.h */ = {isa = PBXFileReference; fileEncoding = 4; lastKnownFileType = sourcecode.c.h; path = LoginViewController.h; sourceTree = "<group>"; };
		55D3377A17E32C0700B9A64E /* LoginViewController.m */ = {isa = PBXFileReference; fileEncoding = 4; lastKnownFileType = sourcecode.c.objc; path = LoginViewController.m; sourceTree = "<group>"; };
		55D3378217E333AF00B9A64E /* SignUpViewController.h */ = {isa = PBXFileReference; fileEncoding = 4; lastKnownFileType = sourcecode.c.h; path = SignUpViewController.h; sourceTree = "<group>"; };
		55D3378317E333AF00B9A64E /* SignUpViewController.m */ = {isa = PBXFileReference; fileEncoding = 4; lastKnownFileType = sourcecode.c.objc; path = SignUpViewController.m; sourceTree = "<group>"; };
		55D3379017E34A5E00B9A64E /* CategoryViewController.h */ = {isa = PBXFileReference; fileEncoding = 4; lastKnownFileType = sourcecode.c.h; path = CategoryViewController.h; sourceTree = "<group>"; };
		55D3379117E34A5E00B9A64E /* CategoryViewController.m */ = {isa = PBXFileReference; fileEncoding = 4; lastKnownFileType = sourcecode.c.objc; path = CategoryViewController.m; sourceTree = "<group>"; };
		55D337A817E34E5900B9A64E /* DataModel.h */ = {isa = PBXFileReference; fileEncoding = 4; lastKnownFileType = sourcecode.c.h; path = DataModel.h; sourceTree = "<group>"; };
		55D337A917E34E5900B9A64E /* DataModel.m */ = {isa = PBXFileReference; fileEncoding = 4; lastKnownFileType = sourcecode.c.objc; path = DataModel.m; sourceTree = "<group>"; };
		55D337BB17E35D6D00B9A64E /* NSString+Encrypt.h */ = {isa = PBXFileReference; fileEncoding = 4; lastKnownFileType = sourcecode.c.h; path = "NSString+Encrypt.h"; sourceTree = "<group>"; };
		55D337BC17E35D6D00B9A64E /* NSString+Encrypt.m */ = {isa = PBXFileReference; fileEncoding = 4; lastKnownFileType = sourcecode.c.objc; path = "NSString+Encrypt.m"; sourceTree = "<group>"; };
/* End PBXFileReference section */

/* Begin PBXFrameworksBuildPhase section */
		55D3373517E32B8100B9A64E /* Frameworks */ = {
			isa = PBXFrameworksBuildPhase;
			buildActionMask = 2147483647;
			files = (
				55D3373E17E32B8100B9A64E /* CoreGraphics.framework in Frameworks */,
				55D3374217E32B8100B9A64E /* CoreData.framework in Frameworks */,
				55D3374017E32B8100B9A64E /* UIKit.framework in Frameworks */,
				55D3373C17E32B8100B9A64E /* Foundation.framework in Frameworks */,
			);
			runOnlyForDeploymentPostprocessing = 0;
		};
		55D3375E17E32B8100B9A64E /* Frameworks */ = {
			isa = PBXFrameworksBuildPhase;
			buildActionMask = 2147483647;
			files = (
				55D3376317E32B8100B9A64E /* XCTest.framework in Frameworks */,
				55D3376617E32B8100B9A64E /* CoreData.framework in Frameworks */,
				55D3376517E32B8100B9A64E /* UIKit.framework in Frameworks */,
				55D3376417E32B8100B9A64E /* Foundation.framework in Frameworks */,
			);
			runOnlyForDeploymentPostprocessing = 0;
		};
/* End PBXFrameworksBuildPhase section */

/* Begin PBXGroup section */
		55081C7917E8BA7400EF36B5 /* CategoryCollectionViewCell */ = {
			isa = PBXGroup;
			children = (
				5592A18E17E367D600288BB9 /* CategoryCell.h */,
				5592A18F17E367D600288BB9 /* CategoryCell.m */,
			);
			name = CategoryCollectionViewCell;
			sourceTree = "<group>";
		};
		55081C7A17E8BA8A00EF36B5 /* RecipeCollectionViewCell */ = {
			isa = PBXGroup;
			children = (
				5592A19717E36F8C00288BB9 /* RecipieCell.h */,
				5592A19817E36F8C00288BB9 /* RecipieCell.m */,
			);
			name = RecipeCollectionViewCell;
			sourceTree = "<group>";
		};
		550F201617E7350700047C1A /* DetailRecipieViewController */ = {
			isa = PBXGroup;
			children = (
				550F201317E715A000047C1A /* DetailRecipieViewController.h */,
				550F201417E715A000047C1A /* DetailRecipieViewController.m */,
			);
			name = DetailRecipieViewController;
			sourceTree = "<group>";
		};
		5592A19617E36F6B00288BB9 /* RecipieViewController */ = {
			isa = PBXGroup;
			children = (
				5592A19317E36E0900288BB9 /* RecipieViewController.h */,
				5592A19417E36E0900288BB9 /* RecipieViewController.m */,
				550F201617E7350700047C1A /* DetailRecipieViewController */,
				5592A19D17E372BD00288BB9 /* AddRecipieViewController */,
				55081C7A17E8BA8A00EF36B5 /* RecipeCollectionViewCell */,
			);
			name = RecipieViewController;
			sourceTree = "<group>";
		};
		5592A19D17E372BD00288BB9 /* AddRecipieViewController */ = {
			isa = PBXGroup;
			children = (
				5592A19A17E371B300288BB9 /* AddRecipieViewController.h */,
				5592A19B17E371B300288BB9 /* AddRecipieViewController.m */,
			);
			name = AddRecipieViewController;
			sourceTree = "<group>";
		};
		55D3372F17E32B8100B9A64E = {
			isa = PBXGroup;
			children = (
				55D3374317E32B8100B9A64E /* iGoodFood */,
				55D3376917E32B8100B9A64E /* iGoodFoodTests */,
				55D3373A17E32B8100B9A64E /* Frameworks */,
				55D3373917E32B8100B9A64E /* Products */,
			);
			sourceTree = "<group>";
		};
		55D3373917E32B8100B9A64E /* Products */ = {
			isa = PBXGroup;
			children = (
				55D3373817E32B8100B9A64E /* iGoodFood.app */,
				55D3376117E32B8100B9A64E /* iGoodFoodTests.xctest */,
			);
			name = Products;
			sourceTree = "<group>";
		};
		55D3373A17E32B8100B9A64E /* Frameworks */ = {
			isa = PBXGroup;
			children = (
				55D3373B17E32B8100B9A64E /* Foundation.framework */,
				55D3373D17E32B8100B9A64E /* CoreGraphics.framework */,
				55D3373F17E32B8100B9A64E /* UIKit.framework */,
				55D3374117E32B8100B9A64E /* CoreData.framework */,
				55D3376217E32B8100B9A64E /* XCTest.framework */,
			);
			name = Frameworks;
			sourceTree = "<group>";
		};
		55D3374317E32B8100B9A64E /* iGoodFood */ = {
			isa = PBXGroup;
			children = (
				55D3378817E33A0F00B9A64E /* App Delegate */,
				55D3374F17E32B8100B9A64E /* Main.storyboard */,
				55D3378A17E33A2B00B9A64E /* LoginViewController */,
				55D337AB17E34ECD00B9A64E /* CategoryViewController */,
				5592A19617E36F6B00288BB9 /* RecipieViewController */,
				55D3378F17E34A0000B9A64E /* DataModel */,
				55D3374417E32B8100B9A64E /* Supporting Files */,
			);
			path = iGoodFood;
			sourceTree = "<group>";
		};
		55D3374417E32B8100B9A64E /* Supporting Files */ = {
			isa = PBXGroup;
			children = (
				55081C7517E8A44500EF36B5 /* Icon.png */,
				55081C7617E8A44500EF36B5 /* Icon@2x.png */,
				550F1FFC17E6FA0900047C1A /* add.png */,
				5592A19117E36C0600288BB9 /* recipie.png */,
				55D337BB17E35D6D00B9A64E /* NSString+Encrypt.h */,
				55D337BC17E35D6D00B9A64E /* NSString+Encrypt.m */,
				55D3375B17E32B8100B9A64E /* Images.xcassets */,
				55D3374517E32B8100B9A64E /* iGoodFood-Info.plist */,
				55D3374617E32B8100B9A64E /* InfoPlist.strings */,
				55D3374917E32B8100B9A64E /* main.m */,
				55D3374B17E32B8100B9A64E /* iGoodFood-Prefix.pch */,
			);
			name = "Supporting Files";
			sourceTree = "<group>";
		};
		55D3376917E32B8100B9A64E /* iGoodFoodTests */ = {
			isa = PBXGroup;
			children = (
				55D3376F17E32B8100B9A64E /* iGoodFoodTests.m */,
				55D3376A17E32B8100B9A64E /* Supporting Files */,
			);
			path = iGoodFoodTests;
			sourceTree = "<group>";
		};
		55D3376A17E32B8100B9A64E /* Supporting Files */ = {
			isa = PBXGroup;
			children = (
				55D3376B17E32B8100B9A64E /* iGoodFoodTests-Info.plist */,
				55D3376C17E32B8100B9A64E /* InfoPlist.strings */,
			);
			name = "Supporting Files";
			sourceTree = "<group>";
		};
		55D3378817E33A0F00B9A64E /* App Delegate */ = {
			isa = PBXGroup;
			children = (
				55D3374C17E32B8100B9A64E /* AppDelegate.h */,
				55D3374D17E32B8100B9A64E /* AppDelegate.m */,
			);
			name = "App Delegate";
			sourceTree = "<group>";
		};
		55D3378A17E33A2B00B9A64E /* LoginViewController */ = {
			isa = PBXGroup;
			children = (
				55D3377917E32C0700B9A64E /* LoginViewController.h */,
				55D3377A17E32C0700B9A64E /* LoginViewController.m */,
				55D3378B17E33A3A00B9A64E /* SignUpViewController */,
			);
			name = LoginViewController;
			sourceTree = "<group>";
		};
		55D3378B17E33A3A00B9A64E /* SignUpViewController */ = {
			isa = PBXGroup;
			children = (
				55D3378217E333AF00B9A64E /* SignUpViewController.h */,
				55D3378317E333AF00B9A64E /* SignUpViewController.m */,
			);
			name = SignUpViewController;
			sourceTree = "<group>";
		};
		55D3378F17E34A0000B9A64E /* DataModel */ = {
			isa = PBXGroup;
			children = (
				55D3375217E32B8100B9A64E /* iGoodFood.xcdatamodeld */,
				55D337A817E34E5900B9A64E /* DataModel.h */,
				55D337A917E34E5900B9A64E /* DataModel.m */,
				55081C6E17E87F3E00EF36B5 /* Recipie.h */,
				55081C6F17E87F3E00EF36B5 /* Recipie.m */,
				55081C6B17E87F3E00EF36B5 /* User.h */,
				55081C6C17E87F3E00EF36B5 /* User.m */,
				55081C6817E87F3D00EF36B5 /* RecipieCategory.h */,
				55081C6917E87F3D00EF36B5 /* RecipieCategory.m */,
			);
			name = DataModel;
			sourceTree = "<group>";
		};
		55D337AB17E34ECD00B9A64E /* CategoryViewController */ = {
			isa = PBXGroup;
			children = (
				55D3379017E34A5E00B9A64E /* CategoryViewController.h */,
				55D3379117E34A5E00B9A64E /* CategoryViewController.m */,
				55081C7917E8BA7400EF36B5 /* CategoryCollectionViewCell */,
			);
			name = CategoryViewController;
			sourceTree = "<group>";
		};
/* End PBXGroup section */

/* Begin PBXNativeTarget section */
		55D3373717E32B8100B9A64E /* iGoodFood */ = {
			isa = PBXNativeTarget;
			buildConfigurationList = 55D3377317E32B8100B9A64E /* Build configuration list for PBXNativeTarget "iGoodFood" */;
			buildPhases = (
				55D3373417E32B8100B9A64E /* Sources */,
				55D3373517E32B8100B9A64E /* Frameworks */,
				55D3373617E32B8100B9A64E /* Resources */,
			);
			buildRules = (
			);
			dependencies = (
			);
			name = iGoodFood;
			productName = iGoodFood;
			productReference = 55D3373817E32B8100B9A64E /* iGoodFood.app */;
			productType = "com.apple.product-type.application";
		};
		55D3376017E32B8100B9A64E /* iGoodFoodTests */ = {
			isa = PBXNativeTarget;
			buildConfigurationList = 55D3377617E32B8100B9A64E /* Build configuration list for PBXNativeTarget "iGoodFoodTests" */;
			buildPhases = (
				55D3375D17E32B8100B9A64E /* Sources */,
				55D3375E17E32B8100B9A64E /* Frameworks */,
				55D3375F17E32B8100B9A64E /* Resources */,
			);
			buildRules = (
			);
			dependencies = (
				55D3376817E32B8100B9A64E /* PBXTargetDependency */,
			);
			name = iGoodFoodTests;
			productName = iGoodFoodTests;
			productReference = 55D3376117E32B8100B9A64E /* iGoodFoodTests.xctest */;
			productType = "com.apple.product-type.bundle.unit-test";
		};
/* End PBXNativeTarget section */

/* Begin PBXProject section */
		55D3373017E32B8100B9A64E /* Project object */ = {
			isa = PBXProject;
			attributes = {
				LastUpgradeCheck = 0500;
				ORGANIZATIONNAME = MentorMate;
				TargetAttributes = {
					55D3376017E32B8100B9A64E = {
						TestTargetID = 55D3373717E32B8100B9A64E;
					};
				};
			};
			buildConfigurationList = 55D3373317E32B8100B9A64E /* Build configuration list for PBXProject "iGoodFood" */;
			compatibilityVersion = "Xcode 3.2";
			developmentRegion = English;
			hasScannedForEncodings = 0;
			knownRegions = (
				en,
				Base,
			);
			mainGroup = 55D3372F17E32B8100B9A64E;
			productRefGroup = 55D3373917E32B8100B9A64E /* Products */;
			projectDirPath = "";
			projectRoot = "";
			targets = (
				55D3373717E32B8100B9A64E /* iGoodFood */,
				55D3376017E32B8100B9A64E /* iGoodFoodTests */,
			);
		};
/* End PBXProject section */

/* Begin PBXResourcesBuildPhase section */
		55D3373617E32B8100B9A64E /* Resources */ = {
			isa = PBXResourcesBuildPhase;
			buildActionMask = 2147483647;
			files = (
				55081C7717E8A44500EF36B5 /* Icon.png in Resources */,
				55D3375C17E32B8100B9A64E /* Images.xcassets in Resources */,
				55081C7817E8A44500EF36B5 /* Icon@2x.png in Resources */,
				550F1FFD17E6FA0900047C1A /* add.png in Resources */,
				5592A19217E36C0600288BB9 /* recipie.png in Resources */,
				55D3374817E32B8100B9A64E /* InfoPlist.strings in Resources */,
				55D3375117E32B8100B9A64E /* Main.storyboard in Resources */,
			);
			runOnlyForDeploymentPostprocessing = 0;
		};
		55D3375F17E32B8100B9A64E /* Resources */ = {
			isa = PBXResourcesBuildPhase;
			buildActionMask = 2147483647;
			files = (
				55D3376E17E32B8100B9A64E /* InfoPlist.strings in Resources */,
			);
			runOnlyForDeploymentPostprocessing = 0;
		};
/* End PBXResourcesBuildPhase section */

/* Begin PBXSourcesBuildPhase section */
		55D3373417E32B8100B9A64E /* Sources */ = {
			isa = PBXSourcesBuildPhase;
			buildActionMask = 2147483647;
			files = (
				55D337BD17E35D6D00B9A64E /* NSString+Encrypt.m in Sources */,
				55D3379217E34A5E00B9A64E /* CategoryViewController.m in Sources */,
				55D337AA17E34E5900B9A64E /* DataModel.m in Sources */,
				5592A19C17E371B300288BB9 /* AddRecipieViewController.m in Sources */,
				55D3377B17E32C0700B9A64E /* LoginViewController.m in Sources */,
				55081C7017E87F3E00EF36B5 /* Recipie.m in Sources */,
				55081C6D17E87F3E00EF36B5 /* User.m in Sources */,
				55081C6A17E87F3D00EF36B5 /* RecipieCategory.m in Sources */,
				55D3378417E333AF00B9A64E /* SignUpViewController.m in Sources */,
				5592A19517E36E0900288BB9 /* RecipieViewController.m in Sources */,
				55D3375417E32B8100B9A64E /* iGoodFood.xcdatamodeld in Sources */,
				5592A19017E367D600288BB9 /* CategoryCell.m in Sources */,
				550F201517E715A000047C1A /* DetailRecipieViewController.m in Sources */,
				5592A19917E36F8C00288BB9 /* RecipieCell.m in Sources */,
				55D3374E17E32B8100B9A64E /* AppDelegate.m in Sources */,
				55D3374A17E32B8100B9A64E /* main.m in Sources */,
			);
			runOnlyForDeploymentPostprocessing = 0;
		};
		55D3375D17E32B8100B9A64E /* Sources */ = {
			isa = PBXSourcesBuildPhase;
			buildActionMask = 2147483647;
			files = (
				55D3377017E32B8100B9A64E /* iGoodFoodTests.m in Sources */,
			);
			runOnlyForDeploymentPostprocessing = 0;
		};
/* End PBXSourcesBuildPhase section */

/* Begin PBXTargetDependency section */
		55D3376817E32B8100B9A64E /* PBXTargetDependency */ = {
			isa = PBXTargetDependency;
			target = 55D3373717E32B8100B9A64E /* iGoodFood */;
			targetProxy = 55D3376717E32B8100B9A64E /* PBXContainerItemProxy */;
		};
/* End PBXTargetDependency section */

/* Begin PBXVariantGroup section */
		55D3374617E32B8100B9A64E /* InfoPlist.strings */ = {
			isa = PBXVariantGroup;
			children = (
				55D3374717E32B8100B9A64E /* en */,
			);
			name = InfoPlist.strings;
			sourceTree = "<group>";
		};
		55D3374F17E32B8100B9A64E /* Main.storyboard */ = {
			isa = PBXVariantGroup;
			children = (
				55D3375017E32B8100B9A64E /* Base */,
			);
			name = Main.storyboard;
			sourceTree = "<group>";
		};
		55D3376C17E32B8100B9A64E /* InfoPlist.strings */ = {
			isa = PBXVariantGroup;
			children = (
				55D3376D17E32B8100B9A64E /* en */,
			);
			name = InfoPlist.strings;
			sourceTree = "<group>";
		};
/* End PBXVariantGroup section */

/* Begin XCBuildConfiguration section */
		55D3377117E32B8100B9A64E /* Debug */ = {
			isa = XCBuildConfiguration;
			buildSettings = {
				ALWAYS_SEARCH_USER_PATHS = NO;
				ARCHS = "$(ARCHS_STANDARD_INCLUDING_64_BIT)";
				CLANG_CXX_LANGUAGE_STANDARD = "gnu++0x";
				CLANG_CXX_LIBRARY = "libc++";
				CLANG_ENABLE_MODULES = YES;
				CLANG_ENABLE_OBJC_ARC = YES;
				CLANG_WARN_BOOL_CONVERSION = YES;
				CLANG_WARN_CONSTANT_CONVERSION = YES;
				CLANG_WARN_DIRECT_OBJC_ISA_USAGE = YES_ERROR;
				CLANG_WARN_EMPTY_BODY = YES;
				CLANG_WARN_ENUM_CONVERSION = YES;
				CLANG_WARN_INT_CONVERSION = YES;
				CLANG_WARN_OBJC_ROOT_CLASS = YES_ERROR;
				CLANG_WARN__DUPLICATE_METHOD_MATCH = YES;
				"CODE_SIGN_IDENTITY[sdk=iphoneos*]" = "iPhone Developer";
				COPY_PHASE_STRIP = NO;
				GCC_C_LANGUAGE_STANDARD = gnu99;
				GCC_DYNAMIC_NO_PIC = NO;
				GCC_OPTIMIZATION_LEVEL = 0;
				GCC_PREPROCESSOR_DEFINITIONS = (
					"DEBUG=1",
					"$(inherited)",
				);
				GCC_SYMBOLS_PRIVATE_EXTERN = NO;
				GCC_WARN_64_TO_32_BIT_CONVERSION = YES;
				GCC_WARN_ABOUT_RETURN_TYPE = YES_ERROR;
				GCC_WARN_UNDECLARED_SELECTOR = YES;
				GCC_WARN_UNINITIALIZED_AUTOS = YES;
				GCC_WARN_UNUSED_FUNCTION = YES;
				GCC_WARN_UNUSED_VARIABLE = YES;
				IPHONEOS_DEPLOYMENT_TARGET = 7.0;
				ONLY_ACTIVE_ARCH = YES;
				SDKROOT = iphoneos;
			};
			name = Debug;
		};
		55D3377217E32B8100B9A64E /* Release */ = {
			isa = XCBuildConfiguration;
			buildSettings = {
				ALWAYS_SEARCH_USER_PATHS = NO;
				ARCHS = "$(ARCHS_STANDARD_INCLUDING_64_BIT)";
				CLANG_CXX_LANGUAGE_STANDARD = "gnu++0x";
				CLANG_CXX_LIBRARY = "libc++";
				CLANG_ENABLE_MODULES = YES;
				CLANG_ENABLE_OBJC_ARC = YES;
				CLANG_WARN_BOOL_CONVERSION = YES;
				CLANG_WARN_CONSTANT_CONVERSION = YES;
				CLANG_WARN_DIRECT_OBJC_ISA_USAGE = YES_ERROR;
				CLANG_WARN_EMPTY_BODY = YES;
				CLANG_WARN_ENUM_CONVERSION = YES;
				CLANG_WARN_INT_CONVERSION = YES;
				CLANG_WARN_OBJC_ROOT_CLASS = YES_ERROR;
				CLANG_WARN__DUPLICATE_METHOD_MATCH = YES;
				"CODE_SIGN_IDENTITY[sdk=iphoneos*]" = "iPhone Developer";
				COPY_PHASE_STRIP = YES;
				ENABLE_NS_ASSERTIONS = NO;
				GCC_C_LANGUAGE_STANDARD = gnu99;
				GCC_WARN_64_TO_32_BIT_CONVERSION = YES;
				GCC_WARN_ABOUT_RETURN_TYPE = YES_ERROR;
				GCC_WARN_UNDECLARED_SELECTOR = YES;
				GCC_WARN_UNINITIALIZED_AUTOS = YES;
				GCC_WARN_UNUSED_FUNCTION = YES;
				GCC_WARN_UNUSED_VARIABLE = YES;
				IPHONEOS_DEPLOYMENT_TARGET = 7.0;
				SDKROOT = iphoneos;
				VALIDATE_PRODUCT = YES;
			};
			name = Release;
		};
		55D3377417E32B8100B9A64E /* Debug */ = {
			isa = XCBuildConfiguration;
			buildSettings = {
				ASSETCATALOG_COMPILER_APPICON_NAME = AppIcon;
				ASSETCATALOG_COMPILER_LAUNCHIMAGE_NAME = LaunchImage;
				GCC_PRECOMPILE_PREFIX_HEADER = YES;
				GCC_PREFIX_HEADER = "iGoodFood/iGoodFood-Prefix.pch";
				INFOPLIST_FILE = "iGoodFood/iGoodFood-Info.plist";
				PRODUCT_NAME = "$(TARGET_NAME)";
				WRAPPER_EXTENSION = app;
			};
			name = Debug;
		};
		55D3377517E32B8100B9A64E /* Release */ = {
			isa = XCBuildConfiguration;
			buildSettings = {
				ASSETCATALOG_COMPILER_APPICON_NAME = AppIcon;
				ASSETCATALOG_COMPILER_LAUNCHIMAGE_NAME = LaunchImage;
				GCC_PRECOMPILE_PREFIX_HEADER = YES;
				GCC_PREFIX_HEADER = "iGoodFood/iGoodFood-Prefix.pch";
				INFOPLIST_FILE = "iGoodFood/iGoodFood-Info.plist";
				PRODUCT_NAME = "$(TARGET_NAME)";
				WRAPPER_EXTENSION = app;
			};
			name = Release;
		};
		55D3377717E32B8100B9A64E /* Debug */ = {
			isa = XCBuildConfiguration;
			buildSettings = {
				ARCHS = "$(ARCHS_STANDARD_INCLUDING_64_BIT)";
				BUNDLE_LOADER = "$(BUILT_PRODUCTS_DIR)/iGoodFood.app/iGoodFood";
				FRAMEWORK_SEARCH_PATHS = (
					"$(SDKROOT)/Developer/Library/Frameworks",
					"$(inherited)",
					"$(DEVELOPER_FRAMEWORKS_DIR)",
				);
				GCC_PRECOMPILE_PREFIX_HEADER = YES;
				GCC_PREFIX_HEADER = "iGoodFood/iGoodFood-Prefix.pch";
				GCC_PREPROCESSOR_DEFINITIONS = (
					"DEBUG=1",
					"$(inherited)",
				);
				INFOPLIST_FILE = "iGoodFoodTests/iGoodFoodTests-Info.plist";
				PRODUCT_NAME = "$(TARGET_NAME)";
				TEST_HOST = "$(BUNDLE_LOADER)";
				WRAPPER_EXTENSION = xctest;
			};
			name = Debug;
		};
		55D3377817E32B8100B9A64E /* Release */ = {
			isa = XCBuildConfiguration;
			buildSettings = {
				ARCHS = "$(ARCHS_STANDARD_INCLUDING_64_BIT)";
				BUNDLE_LOADER = "$(BUILT_PRODUCTS_DIR)/iGoodFood.app/iGoodFood";
				FRAMEWORK_SEARCH_PATHS = (
					"$(SDKROOT)/Developer/Library/Frameworks",
					"$(inherited)",
					"$(DEVELOPER_FRAMEWORKS_DIR)",
				);
				GCC_PRECOMPILE_PREFIX_HEADER = YES;
				GCC_PREFIX_HEADER = "iGoodFood/iGoodFood-Prefix.pch";
				INFOPLIST_FILE = "iGoodFoodTests/iGoodFoodTests-Info.plist";
				PRODUCT_NAME = "$(TARGET_NAME)";
				TEST_HOST = "$(BUNDLE_LOADER)";
				WRAPPER_EXTENSION = xctest;
			};
			name = Release;
		};
/* End XCBuildConfiguration section */

/* Begin XCConfigurationList section */
		55D3373317E32B8100B9A64E /* Build configuration list for PBXProject "iGoodFood" */ = {
			isa = XCConfigurationList;
			buildConfigurations = (
				55D3377117E32B8100B9A64E /* Debug */,
				55D3377217E32B8100B9A64E /* Release */,
			);
			defaultConfigurationIsVisible = 0;
			defaultConfigurationName = Release;
		};
		55D3377317E32B8100B9A64E /* Build configuration list for PBXNativeTarget "iGoodFood" */ = {
			isa = XCConfigurationList;
			buildConfigurations = (
				55D3377417E32B8100B9A64E /* Debug */,
				55D3377517E32B8100B9A64E /* Release */,
			);
			defaultConfigurationIsVisible = 0;
			defaultConfigurationName = Release;
		};
		55D3377617E32B8100B9A64E /* Build configuration list for PBXNativeTarget "iGoodFoodTests" */ = {
			isa = XCConfigurationList;
			buildConfigurations = (
				55D3377717E32B8100B9A64E /* Debug */,
				55D3377817E32B8100B9A64E /* Release */,
			);
			defaultConfigurationIsVisible = 0;
			defaultConfigurationName = Release;
		};
/* End XCConfigurationList section */

/* Begin XCVersionGroup section */
		55D3375217E32B8100B9A64E /* iGoodFood.xcdatamodeld */ = {
			isa = XCVersionGroup;
			children = (
				55D3375317E32B8100B9A64E /* iGoodFood.xcdatamodel */,
			);
			currentVersion = 55D3375317E32B8100B9A64E /* iGoodFood.xcdatamodel */;
			path = iGoodFood.xcdatamodeld;
			sourceTree = "<group>";
			versionGroupType = wrapper.xcdatamodel;
		};
/* End XCVersionGroup section */
	};
	rootObject = 55D3373017E32B8100B9A64E /* Project object */;
}
